// !$*UTF8*$!
{
	archiveVersion = 1;
	classes = {
	};
	objectVersion = 46;
	objects = {

/* Begin PBXBuildFile section */
		A490172D1D088F3C0020C583 /* AppDelegate.swift in Sources */ = {isa = PBXBuildFile; fileRef = A490172C1D088F3C0020C583 /* AppDelegate.swift */; };
		A490172F1D088F3C0020C583 /* ViewController.swift in Sources */ = {isa = PBXBuildFile; fileRef = A490172E1D088F3C0020C583 /* ViewController.swift */; };
		A49017321D088F3D0020C583 /* Main.storyboard in Resources */ = {isa = PBXBuildFile; fileRef = A49017301D088F3D0020C583 /* Main.storyboard */; };
		A49017341D088F3D0020C583 /* Assets.xcassets in Resources */ = {isa = PBXBuildFile; fileRef = A49017331D088F3D0020C583 /* Assets.xcassets */; };
		A49017371D088F3D0020C583 /* LaunchScreen.storyboard in Resources */ = {isa = PBXBuildFile; fileRef = A49017351D088F3D0020C583 /* LaunchScreen.storyboard */; };
/* End PBXBuildFile section */

/* Begin PBXFileReference section */
		A49017291D088F3C0020C583 /* HungerBell.app */ = {isa = PBXFileReference; explicitFileType = wrapper.application; includeInIndex = 0; path = HungerBell.app; sourceTree = BUILT_PRODUCTS_DIR; };
		A490172C1D088F3C0020C583 /* AppDelegate.swift */ = {isa = PBXFileReference; lastKnownFileType = sourcecode.swift; path = AppDelegate.swift; sourceTree = "<group>"; };
		A490172E1D088F3C0020C583 /* ViewController.swift */ = {isa = PBXFileReference; lastKnownFileType = sourcecode.swift; path = ViewController.swift; sourceTree = "<group>"; };
		A49017311D088F3D0020C583 /* Base */ = {isa = PBXFileReference; lastKnownFileType = file.storyboard; name = Base; path = Base.lproj/Main.storyboard; sourceTree = "<group>"; };
		A49017331D088F3D0020C583 /* Assets.xcassets */ = {isa = PBXFileReference; lastKnownFileType = folder.assetcatalog; path = Assets.xcassets; sourceTree = "<group>"; };
		A49017361D088F3D0020C583 /* Base */ = {isa = PBXFileReference; lastKnownFileType = file.storyboard; name = Base; path = Base.lproj/LaunchScreen.storyboard; sourceTree = "<group>"; };
		A49017381D088F3D0020C583 /* Info.plist */ = {isa = PBXFileReference; lastKnownFileType = text.plist.xml; path = Info.plist; sourceTree = "<group>"; };
/* End PBXFileReference section */

/* Begin PBXFrameworksBuildPhase section */
		A49017261D088F3C0020C583 /* Frameworks */ = {
			isa = PBXFrameworksBuildPhase;
			buildActionMask = 2147483647;
			files = (
			);
			runOnlyForDeploymentPostprocessing = 0;
		};
/* End PBXFrameworksBuildPhase section */

/* Begin PBXGroup section */
		A49017201D088F3C0020C583 = {
			isa = PBXGroup;
			children = (
				A490172B1D088F3C0020C583 /* HungerBell */,
				A490172A1D088F3C0020C583 /* Products */,
			);
			sourceTree = "<group>";
		};
		A490172A1D088F3C0020C583 /* Products */ = {
			isa = PBXGroup;
			children = (
				A49017291D088F3C0020C583 /* HungerBell.app */,
			);
			name = Products;
			sourceTree = "<group>";
		};
		A490172B1D088F3C0020C583 /* HungerBell */ = {
			isa = PBXGroup;
			children = (
				A490172C1D088F3C0020C583 /* AppDelegate.swift */,
				A490172E1D088F3C0020C583 /* ViewController.swift */,
				A49017301D088F3D0020C583 /* Main.storyboard */,
				A49017331D088F3D0020C583 /* Assets.xcassets */,
				A49017351D088F3D0020C583 /* LaunchScreen.storyboard */,
				A49017381D088F3D0020C583 /* Info.plist */,
			);
			path = HungerBell;
			sourceTree = "<group>";
		};
/* End PBXGroup section */

/* Begin PBXNativeTarget section */
		A49017281D088F3C0020C583 /* HungerBell */ = {
			isa = PBXNativeTarget;
			buildConfigurationList = A490173B1D088F3D0020C583 /* Build configuration list for PBXNativeTarget "HungerBell" */;
			buildPhases = (
				A49017251D088F3C0020C583 /* Sources */,
				A49017261D088F3C0020C583 /* Frameworks */,
				A49017271D088F3C0020C583 /* Resources */,
			);
			buildRules = (
			);
			dependencies = (
			);
			name = HungerBell;
			productName = HungerBell;
			productReference = A49017291D088F3C0020C583 /* HungerBell.app */;
			productType = "com.apple.product-type.application";
		};
/* End PBXNativeTarget section */

/* Begin PBXProject section */
		A49017211D088F3C0020C583 /* Project object */ = {
			isa = PBXProject;
			attributes = {
				LastSwiftUpdateCheck = 0730;
				LastUpgradeCheck = 0730;
				ORGANIZATIONNAME = "Times Internet Limited";
				TargetAttributes = {
					A49017281D088F3C0020C583 = {
						CreatedOnToolsVersion = 7.3.1;
					};
				};
			};
			buildConfigurationList = A49017241D088F3C0020C583 /* Build configuration list for PBXProject "HungerBell" */;
			compatibilityVersion = "Xcode 3.2";
			developmentRegion = English;
			hasScannedForEncodings = 0;
			knownRegions = (
				en,
				Base,
			);
			mainGroup = A49017201D088F3C0020C583;
			productRefGroup = A490172A1D088F3C0020C583 /* Products */;
			projectDirPath = "";
			projectRoot = "";
			targets = (
				A49017281D088F3C0020C583 /* HungerBell */,
			);
		};
/* End PBXProject section */

/* Begin PBXResourcesBuildPhase section */
		A49017271D088F3C0020C583 /* Resources */ = {
			isa = PBXResourcesBuildPhase;
			buildActionMask = 2147483647;
			files = (
				A49017371D088F3D0020C583 /* LaunchScreen.storyboard in Resources */,
				A49017341D088F3D0020C583 /* Assets.xcassets in Resources */,
				A49017321D088F3D0020C583 /* Main.storyboard in Resources */,
			);
			runOnlyForDeploymentPostprocessing = 0;
		};
/* End PBXResourcesBuildPhase section */

/* Begin PBXSourcesBuildPhase section */
		A49017251D088F3C0020C583 /* Sources */ = {
			isa = PBXSourcesBuildPhase;
			buildActionMask = 2147483647;
			files = (
				A490172F1D088F3C0020C583 /* ViewController.swift in Sources */,
				A490172D1D088F3C0020C583 /* AppDelegate.swift in Sources */,
			);
			runOnlyForDeploymentPostprocessing = 0;
		};
/* End PBXSourcesBuildPhase section */

/* Begin PBXVariantGroup section */
		A49017301D088F3D0020C583 /* Main.storyboard */ = {
			isa = PBXVariantGroup;
			children = (
				A49017311D088F3D0020C583 /* Base */,
			);
			name = Main.storyboard;
			sourceTree = "<group>";
		};
		A49017351D088F3D0020C583 /* LaunchScreen.storyboard */ = {
			isa = PBXVariantGroup;
			children = (
				A49017361D088F3D0020C583 /* Base */,
			);
			name = LaunchScreen.storyboard;
			sourceTree = "<group>";
		};
/* End PBXVariantGroup section */

/* Begin XCBuildConfiguration section */
		A49017391D088F3D0020C583 /* Debug */ = {
			isa = XCBuildConfiguration;
			buildSettings = {
				ALWAYS_SEARCH_USER_PATHS = NO;
				CLANG_ANALYZER_NONNULL = YES;
				CLANG_CXX_LANGUAGE_STANDARD = "gnu++0x";
				CLANG_CXX_LIBRARY = "libc++";
				CLANG_ENABLE_MODULES = YES;
				CLANG_ENABLE_OBJC_ARC = YES;
				CLANG_WARN_BOOL_CONVERSION = YES;
				CLANG_WARN_CONSTANT_CONVERSION = YES;
				CLANG_WARN_DIRECT_OBJC_ISA_USAGE = YES_ERROR;
				CLANG_WARN_EMPTY_BODY = YES;
				CLANG_WARN_ENUM_CONVERSION = YES;
				CLANG_WARN_INT_CONVERSION = YES;
				CLANG_WARN_OBJC_ROOT_CLASS = YES_ERROR;
				CLANG_WARN_UNREACHABLE_CODE = YES;
				CLANG_WARN__DUPLICATE_METHOD_MATCH = YES;
				"CODE_SIGN_IDENTITY[sdk=iphoneos*]" = "iPhone Developer";
				COPY_PHASE_STRIP = NO;
				DEBUG_INFORMATION_FORMAT = dwarf;
				ENABLE_STRICT_OBJC_MSGSEND = YES;
				ENABLE_TESTABILITY = YES;
				GCC_C_LANGUAGE_STANDARD = gnu99;
				GCC_DYNAMIC_NO_PIC = NO;
				GCC_NO_COMMON_BLOCKS = YES;
				GCC_OPTIMIZATION_LEVEL = 0;
				GCC_PREPROCESSOR_DEFINITIONS = (
					"DEBUG=1",
					"$(inherited)",
				);
				GCC_WARN_64_TO_32_BIT_CONVERSION = YES;
				GCC_WARN_ABOUT_RETURN_TYPE = YES_ERROR;
				GCC_WARN_UNDECLARED_SELECTOR = YES;
				GCC_WARN_UNINITIALIZED_AUTOS = YES_AGGRESSIVE;
				GCC_WARN_UNUSED_FUNCTION = YES;
				GCC_WARN_UNUSED_VARIABLE = YES;
				IPHONEOS_DEPLOYMENT_TARGET = 9.3;
				MTL_ENABLE_DEBUG_INFO = YES;
				ONLY_ACTIVE_ARCH = YES;
				SDKROOT = iphoneos;
				SWIFT_OPTIMIZATION_LEVEL = "-Onone";
			};
			name = Debug;
		};
		A490173A1D088F3D0020C583 /* Release */ = {
			isa = XCBuildConfiguration;
			buildSettings = {
				ALWAYS_SEARCH_USER_PATHS = NO;
				CLANG_ANALYZER_NONNULL = YES;
				CLANG_CXX_LANGUAGE_STANDARD = "gnu++0x";
				CLANG_CXX_LIBRARY = "libc++";
				CLANG_ENABLE_MODULES = YES;
				CLANG_ENABLE_OBJC_ARC = YES;
				CLANG_WARN_BOOL_CONVERSION = YES;
				CLANG_WARN_CONSTANT_CONVERSION = YES;
				CLANG_WARN_DIRECT_OBJC_ISA_USAGE = YES_ERROR;
				CLANG_WARN_EMPTY_BODY = YES;
				CLANG_WARN_ENUM_CONVERSION = YES;
				CLANG_WARN_INT_CONVERSION = YES;
				CLANG_WARN_OBJC_ROOT_CLASS = YES_ERROR;
				CLANG_WARN_UNREACHABLE_CODE = YES;
				CLANG_WARN__DUPLICATE_METHOD_MATCH = YES;
				"CODE_SIGN_IDENTITY[sdk=iphoneos*]" = "iPhone Developer";
				COPY_PHASE_STRIP = NO;
				DEBUG_INFORMATION_FORMAT = "dwarf-with-dsym";
				ENABLE_NS_ASSERTIONS = NO;
				ENABLE_STRICT_OBJC_MSGSEND = YES;
				GCC_C_LANGUAGE_STANDARD = gnu99;
				GCC_NO_COMMON_BLOCKS = YES;
				GCC_WARN_64_TO_32_BIT_CONVERSION = YES;
				GCC_WARN_ABOUT_RETURN_TYPE = YES_ERROR;
				GCC_WARN_UNDECLARED_SELECTOR = YES;
				GCC_WARN_UNINITIALIZED_AUTOS = YES_AGGRESSIVE;
				GCC_WARN_UNUSED_FUNCTION = YES;
				GCC_WARN_UNUSED_VARIABLE = YES;
				IPHONEOS_DEPLOYMENT_TARGET = 9.3;
				MTL_ENABLE_DEBUG_INFO = NO;
				SDKROOT = iphoneos;
				VALIDATE_PRODUCT = YES;
			};
			name = Release;
		};
		A490173C1D088F3D0020C583 /* Debug */ = {
			isa = XCBuildConfiguration;
			buildSettings = {
				ASSETCATALOG_COMPILER_APPICON_NAME = AppIcon;
				INFOPLIST_FILE = HungerBell/Info.plist;
				LD_RUNPATH_SEARCH_PATHS = "$(inherited) @executable_path/Frameworks";
				PRODUCT_BUNDLE_IDENTIFIER = com.til.HungerBell;
				PRODUCT_NAME = "$(TARGET_NAME)";
			};
			name = Debug;
		};
		A490173D1D088F3D0020C583 /* Release */ = {
			isa = XCBuildConfiguration;
			buildSettings = {
				ASSETCATALOG_COMPILER_APPICON_NAME = AppIcon;
				INFOPLIST_FILE = HungerBell/Info.plist;
				LD_RUNPATH_SEARCH_PATHS = "$(inherited) @executable_path/Frameworks";
				PRODUCT_BUNDLE_IDENTIFIER = com.til.HungerBell;
				PRODUCT_NAME = "$(TARGET_NAME)";
			};
			name = Release;
		};
/* End XCBuildConfiguration section */

/* Begin XCConfigurationList section */
		A49017241D088F3C0020C583 /* Build configuration list for PBXProject "HungerBell" */ = {
			isa = XCConfigurationList;
			buildConfigurations = (
				A49017391D088F3D0020C583 /* Debug */,
				A490173A1D088F3D0020C583 /* Release */,
			);
			defaultConfigurationIsVisible = 0;
			defaultConfigurationName = Release;
		};
		A490173B1D088F3D0020C583 /* Build configuration list for PBXNativeTarget "HungerBell" */ = {
			isa = XCConfigurationList;
			buildConfigurations = (
				A490173C1D088F3D0020C583 /* Debug */,
				A490173D1D088F3D0020C583 /* Release */,
			);
			defaultConfigurationIsVisible = 0;
		};
/* End XCConfigurationList section */
	};
	rootObject = A49017211D088F3C0020C583 /* Project object */;
}
